
Microsoft Visual Studio Solution File, Format Version 12.00
# Visual Studio Version 16
VisualStudioVersion = 16.0.34301.259
MinimumVisualStudioVersion = 10.0.40219.1
Project("{FAE04EC0-301F-11D3-BF4B-00C04F79EFBC}") = "LetterVsSentence", "LetterVsSentence\LetterVsSentence.csproj", "{D45DB0EB-3B50-4EBB-9A0A-A7469E3B6BDA}"
EndProject
Global
	GlobalSection(SolutionConfigurationPlatforms) = preSolution
		Debug|Any CPU = Debug|Any CPU
		Release|Any CPU = Release|Any CPU
	EndGlobalSection
	GlobalSection(ProjectConfigurationPlatforms) = postSolution
		{D45DB0EB-3B50-4EBB-9A0A-A7469E3B6BDA}.Debug|Any CPU.ActiveCfg = Debug|Any CPU
		{D45DB0EB-3B50-4EBB-9A0A-A7469E3B6BDA}.Debug|Any CPU.Build.0 = Debug|Any CPU
		{D45DB0EB-3B50-4EBB-9A0A-A7469E3B6BDA}.Release|Any CPU.ActiveCfg = Release|Any CPU
		{D45DB0EB-3B50-4EBB-9A0A-A7469E3B6BDA}.Release|Any CPU.Build.0 = Release|Any CPU
	EndGlobalSection
	GlobalSection(SolutionProperties) = preSolution
		HideSolutionNode = FALSE
	EndGlobalSection
	GlobalSection(ExtensibilityGlobals) = postSolution
		SolutionGuid = {3D7CE9B2-9DA0-4037-9DBD-1D3F36ABB6DA}
	EndGlobalSection
EndGlobal
